{
  "requires": true,
  "lockfileVersion": 1,
  "dependencies": {
    "mingwheel-palindrome-learnenough": {
      "version": "0.1.0",
      "resolved": "https://registry.npmjs.org/mingwheel-palindrome-learnenough/-/mingwheel-palindrome-learnenough-0.1.0.tgz",
      "integrity": "sha512-Krktycm6Uc2THZwQSMYykel5my/u80p9CEb2rTiQb27mppxfvZpp+IcpsUAYQEhkENJlwfTagDb31hgfuuJILA=="
    }
  }
}
